
Microsoft Visual Studio Solution File, Format Version 12.00
Project("{FAE04EC0-301F-11D3-BF4B-00C04F79EFBC}") = "WildAlert.Api", "WildAlert.Api\WildAlert.Api.csproj", "{5FC12B46-358A-442B-BA54-451855F03428}"
EndProject
Project("{FAE04EC0-301F-11D3-BF4B-00C04F79EFBC}") = "WildAlert.Persistence", "WildAlert.Persistence\WildAlert.Persistence.csproj", "{5B18DB7A-C59B-488D-B116-4D28A1D66741}"
EndProject
Project("{FAE04EC0-301F-11D3-BF4B-00C04F79EFBC}") = "WildAlert.Application", "WildAlert.Application\WildAlert.Application.csproj", "{8B7DB5FA-AD85-48AF-B9C5-68B0E084E113}"
EndProject
Project("{FAE04EC0-301F-11D3-BF4B-00C04F79EFBC}") = "WildAlert.Shared", "WildAlert.Shared\WildAlert.Shared.csproj", "{44738359-0A97-4C10-A3B5-6C6F030A5104}"
EndProject
Global
	GlobalSection(SolutionConfigurationPlatforms) = preSolution
		Debug|Any CPU = Debug|Any CPU
		Release|Any CPU = Release|Any CPU
	EndGlobalSection
	GlobalSection(ProjectConfigurationPlatforms) = postSolution
		{5FC12B46-358A-442B-BA54-451855F03428}.Debug|Any CPU.ActiveCfg = Debug|Any CPU
		{5FC12B46-358A-442B-BA54-451855F03428}.Debug|Any CPU.Build.0 = Debug|Any CPU
		{5FC12B46-358A-442B-BA54-451855F03428}.Release|Any CPU.ActiveCfg = Release|Any CPU
		{5FC12B46-358A-442B-BA54-451855F03428}.Release|Any CPU.Build.0 = Release|Any CPU
		{5B18DB7A-C59B-488D-B116-4D28A1D66741}.Debug|Any CPU.ActiveCfg = Debug|Any CPU
		{5B18DB7A-C59B-488D-B116-4D28A1D66741}.Debug|Any CPU.Build.0 = Debug|Any CPU
		{5B18DB7A-C59B-488D-B116-4D28A1D66741}.Release|Any CPU.ActiveCfg = Release|Any CPU
		{5B18DB7A-C59B-488D-B116-4D28A1D66741}.Release|Any CPU.Build.0 = Release|Any CPU
		{8B7DB5FA-AD85-48AF-B9C5-68B0E084E113}.Debug|Any CPU.ActiveCfg = Debug|Any CPU
		{8B7DB5FA-AD85-48AF-B9C5-68B0E084E113}.Debug|Any CPU.Build.0 = Debug|Any CPU
		{8B7DB5FA-AD85-48AF-B9C5-68B0E084E113}.Release|Any CPU.ActiveCfg = Release|Any CPU
		{8B7DB5FA-AD85-48AF-B9C5-68B0E084E113}.Release|Any CPU.Build.0 = Release|Any CPU
		{44738359-0A97-4C10-A3B5-6C6F030A5104}.Debug|Any CPU.ActiveCfg = Debug|Any CPU
		{44738359-0A97-4C10-A3B5-6C6F030A5104}.Debug|Any CPU.Build.0 = Debug|Any CPU
		{44738359-0A97-4C10-A3B5-6C6F030A5104}.Release|Any CPU.ActiveCfg = Release|Any CPU
		{44738359-0A97-4C10-A3B5-6C6F030A5104}.Release|Any CPU.Build.0 = Release|Any CPU
	EndGlobalSection
EndGlobal
